// !$*UTF8*$!
{
	archiveVersion = 1;
	classes = {
	};
	objectVersion = 46;
	objects = {

/* Begin PBXBuildFile section */
		A263C161203250140015045F /* RenderingOptions.cpp in Sources */ = {isa = PBXBuildFile; fileRef = A263C155203243E20015045F /* RenderingOptions.cpp */; };
		A263C162203250140015045F /* ShadowInfo.cpp in Sources */ = {isa = PBXBuildFile; fileRef = A263C153203243E10015045F /* ShadowInfo.cpp */; };
		A2CDE7CE2030C67200BA0D60 /* Color.cpp in Sources */ = {isa = PBXBuildFile; fileRef = A29CB24B1DCFF8FD004462C6 /* Color.cpp */; };
		A2CDE7CF2030C67200BA0D60 /* Geometry.cpp in Sources */ = {isa = PBXBuildFile; fileRef = A29CB24D1DCFF8FD004462C6 /* Geometry.cpp */; };
		A2CDE7D02030C67200BA0D60 /* Classifications.cpp in Sources */ = {isa = PBXBuildFile; fileRef = A29340661EC914C600A5A9A5 /* Classifications.cpp */; };
		A2CDE7D12030C67200BA0D60 /* OptionsManager.cpp in Sources */ = {isa = PBXBuildFile; fileRef = A29340681EC914C600A5A9A5 /* OptionsManager.cpp */; };
		A2CDE7D22030C67200BA0D60 /* AttributeDictionary.cpp in Sources */ = {isa = PBXBuildFile; fileRef = A29CB2501DCFF8FD004462C6 /* AttributeDictionary.cpp */; };
		A2CDE7D32030C67200BA0D60 /* Axes.cpp in Sources */ = {isa = PBXBuildFile; fileRef = A29CB2521DCFF8FD004462C6 /* Axes.cpp */; };
		A2CDE7D42030C67200BA0D60 /* ComponentDefinition.cpp in Sources */ = {isa = PBXBuildFile; fileRef = A29CB2541DCFF8FD004462C6 /* ComponentDefinition.cpp */; };
		A2CDE7D52030C67200BA0D60 /* ComponentInstance.cpp in Sources */ = {isa = PBXBuildFile; fileRef = A29CB2561DCFF8FD004462C6 /* ComponentInstance.cpp */; };
		A2CDE7D62030C67200BA0D60 /* Curve.cpp in Sources */ = {isa = PBXBuildFile; fileRef = A29CB2581DCFF8FD004462C6 /* Curve.cpp */; };
		A2CDE7D72030C67200BA0D60 /* DrawingElement.cpp in Sources */ = {isa = PBXBuildFile; fileRef = A29CB25A1DCFF8FD004462C6 /* DrawingElement.cpp */; };
		A2CDE7D82030C67200BA0D60 /* Edge.cpp in Sources */ = {isa = PBXBuildFile; fileRef = A29CB25C1DCFF8FD004462C6 /* Edge.cpp */; };
		A2CDE7D92030C67200BA0D60 /* Entities.cpp in Sources */ = {isa = PBXBuildFile; fileRef = A29CB25E1DCFF8FD004462C6 /* Entities.cpp */; };
		A2CDE7DA2030C67200BA0D60 /* Entity.cpp in Sources */ = {isa = PBXBuildFile; fileRef = A29CB2601DCFF8FD004462C6 /* Entity.cpp */; };
		A2CDE7DB2030C67200BA0D60 /* Face.cpp in Sources */ = {isa = PBXBuildFile; fileRef = A29CB2621DCFF8FD004462C6 /* Face.cpp */; };
		A2CDE7DC2030C67200BA0D60 /* GeometryInput.cpp in Sources */ = {isa = PBXBuildFile; fileRef = A29CB2641DCFF8FD004462C6 /* GeometryInput.cpp */; };
		A2CDE7DD2030C67200BA0D60 /* Group.cpp in Sources */ = {isa = PBXBuildFile; fileRef = A29CB2661DCFF8FD004462C6 /* Group.cpp */; };
		A2CDE7DE2030C67200BA0D60 /* ImageRep.cpp in Sources */ = {isa = PBXBuildFile; fileRef = A230D0AA1F30E23E00E64FDB /* ImageRep.cpp */; };
		A2CDE7DF2030C67200BA0D60 /* Layer.cpp in Sources */ = {isa = PBXBuildFile; fileRef = A29CB2681DCFF8FD004462C6 /* Layer.cpp */; };
		A2CDE7E02030C67200BA0D60 /* Loop.cpp in Sources */ = {isa = PBXBuildFile; fileRef = A29CB26A1DCFF8FD004462C6 /* Loop.cpp */; };
		A2CDE7E12030C67200BA0D60 /* LoopInput.cpp in Sources */ = {isa = PBXBuildFile; fileRef = A29CB26C1DCFF8FD004462C6 /* LoopInput.cpp */; };
		A2CDE7E22030C67200BA0D60 /* Material.cpp in Sources */ = {isa = PBXBuildFile; fileRef = A29CB26E1DCFF8FD004462C6 /* Material.cpp */; };
		A2CDE7E32030C67200BA0D60 /* MaterialInput.cpp in Sources */ = {isa = PBXBuildFile; fileRef = A29CB2701DCFF8FD004462C6 /* MaterialInput.cpp */; };
		A2CDE7E42030C67200BA0D60 /* Model.cpp in Sources */ = {isa = PBXBuildFile; fileRef = A29CB2721DCFF8FD004462C6 /* Model.cpp */; };
		A2CDE7E52030C67200BA0D60 /* Texture.cpp in Sources */ = {isa = PBXBuildFile; fileRef = A2D08B5D1F30B1CB001FF9FB /* Texture.cpp */; };
		A2CDE7E62030C67200BA0D60 /* TextureWriter.cpp in Sources */ = {isa = PBXBuildFile; fileRef = A29CB2741DCFF8FD004462C6 /* TextureWriter.cpp */; };
		A2CDE7E72030C67200BA0D60 /* TypedValue.cpp in Sources */ = {isa = PBXBuildFile; fileRef = A29CB2761DCFF8FD004462C6 /* TypedValue.cpp */; };
		A2CDE7E82030C67200BA0D60 /* UVHelper.cpp in Sources */ = {isa = PBXBuildFile; fileRef = A29CB2781DCFF8FD004462C6 /* UVHelper.cpp */; };
		A2CDE7E92030C67200BA0D60 /* Vertex.cpp in Sources */ = {isa = PBXBuildFile; fileRef = A29CB27A1DCFF8FD004462C6 /* Vertex.cpp */; };
		A2CDE7EA2030C67200BA0D60 /* String.cpp in Sources */ = {isa = PBXBuildFile; fileRef = A29CB27C1DCFF8FD004462C6 /* String.cpp */; };
		A2CDE7EB2030C67200BA0D60 /* Transformation.cpp in Sources */ = {isa = PBXBuildFile; fileRef = A29CB27E1DCFF8FD004462C6 /* Transformation.cpp */; };
		A2CDE7EC2030C67200BA0D60 /* Initialize.cpp in Sources */ = {isa = PBXBuildFile; fileRef = A2169DBD1EBB51B4007FD8AA /* Initialize.cpp */; };
/* End PBXBuildFile section */

/* Begin PBXFileReference section */
		A2081EC91FA1F6D80045900D /* DOXYFILE */ = {isa = PBXFileReference; lastKnownFileType = text; path = DOXYFILE; sourceTree = "<group>"; };
		A20F3190203F1CCC00A1BDE9 /* .gitignore */ = {isa = PBXFileReference; lastKnownFileType = text; path = .gitignore; sourceTree = "<group>"; };
		A2169DBD1EBB51B4007FD8AA /* Initialize.cpp */ = {isa = PBXFileReference; fileEncoding = 4; lastKnownFileType = sourcecode.cpp.cpp; path = Initialize.cpp; sourceTree = "<group>"; };
		A2303FE81F9A8146006F8734 /* LICENSE */ = {isa = PBXFileReference; lastKnownFileType = text; path = LICENSE; sourceTree = "<group>"; };
		A230D0AA1F30E23E00E64FDB /* ImageRep.cpp */ = {isa = PBXFileReference; fileEncoding = 4; lastKnownFileType = sourcecode.cpp.cpp; path = ImageRep.cpp; sourceTree = "<group>"; };
		A263C153203243E10015045F /* ShadowInfo.cpp */ = {isa = PBXFileReference; fileEncoding = 4; lastKnownFileType = sourcecode.cpp.cpp; path = ShadowInfo.cpp; sourceTree = "<group>"; };
		A263C155203243E20015045F /* RenderingOptions.cpp */ = {isa = PBXFileReference; fileEncoding = 4; lastKnownFileType = sourcecode.cpp.cpp; path = RenderingOptions.cpp; sourceTree = "<group>"; };
		A264EDE31FA1E2AD002609B4 /* generateDocumentationAndDeploy.sh */ = {isa = PBXFileReference; lastKnownFileType = text.script.sh; path = generateDocumentationAndDeploy.sh; sourceTree = "<group>"; };
		A264EDE41FA1E36B002609B4 /* .travis.yml */ = {isa = PBXFileReference; lastKnownFileType = text; path = .travis.yml; sourceTree = "<group>"; };
		A29340661EC914C600A5A9A5 /* Classifications.cpp */ = {isa = PBXFileReference; fileEncoding = 4; lastKnownFileType = sourcecode.cpp.cpp; path = Classifications.cpp; sourceTree = "<group>"; };
		A29340681EC914C600A5A9A5 /* OptionsManager.cpp */ = {isa = PBXFileReference; fileEncoding = 4; lastKnownFileType = sourcecode.cpp.cpp; path = OptionsManager.cpp; sourceTree = "<group>"; };
		A29CB24B1DCFF8FD004462C6 /* Color.cpp */ = {isa = PBXFileReference; lastKnownFileType = sourcecode.cpp.cpp; path = Color.cpp; sourceTree = "<group>"; };
		A29CB24D1DCFF8FD004462C6 /* Geometry.cpp */ = {isa = PBXFileReference; lastKnownFileType = sourcecode.cpp.cpp; path = Geometry.cpp; sourceTree = "<group>"; };
		A29CB2501DCFF8FD004462C6 /* AttributeDictionary.cpp */ = {isa = PBXFileReference; lastKnownFileType = sourcecode.cpp.cpp; path = AttributeDictionary.cpp; sourceTree = "<group>"; };
		A29CB2521DCFF8FD004462C6 /* Axes.cpp */ = {isa = PBXFileReference; lastKnownFileType = sourcecode.cpp.cpp; path = Axes.cpp; sourceTree = "<group>"; };
		A29CB2541DCFF8FD004462C6 /* ComponentDefinition.cpp */ = {isa = PBXFileReference; lastKnownFileType = sourcecode.cpp.cpp; path = ComponentDefinition.cpp; sourceTree = "<group>"; };
		A29CB2561DCFF8FD004462C6 /* ComponentInstance.cpp */ = {isa = PBXFileReference; lastKnownFileType = sourcecode.cpp.cpp; path = ComponentInstance.cpp; sourceTree = "<group>"; };
		A29CB2581DCFF8FD004462C6 /* Curve.cpp */ = {isa = PBXFileReference; lastKnownFileType = sourcecode.cpp.cpp; path = Curve.cpp; sourceTree = "<group>"; };
		A29CB25A1DCFF8FD004462C6 /* DrawingElement.cpp */ = {isa = PBXFileReference; lastKnownFileType = sourcecode.cpp.cpp; path = DrawingElement.cpp; sourceTree = "<group>"; };
		A29CB25C1DCFF8FD004462C6 /* Edge.cpp */ = {isa = PBXFileReference; lastKnownFileType = sourcecode.cpp.cpp; path = Edge.cpp; sourceTree = "<group>"; };
		A29CB25E1DCFF8FD004462C6 /* Entities.cpp */ = {isa = PBXFileReference; lastKnownFileType = sourcecode.cpp.cpp; path = Entities.cpp; sourceTree = "<group>"; };
		A29CB2601DCFF8FD004462C6 /* Entity.cpp */ = {isa = PBXFileReference; lastKnownFileType = sourcecode.cpp.cpp; path = Entity.cpp; sourceTree = "<group>"; };
		A29CB2621DCFF8FD004462C6 /* Face.cpp */ = {isa = PBXFileReference; lastKnownFileType = sourcecode.cpp.cpp; path = Face.cpp; sourceTree = "<group>"; };
		A29CB2641DCFF8FD004462C6 /* GeometryInput.cpp */ = {isa = PBXFileReference; lastKnownFileType = sourcecode.cpp.cpp; path = GeometryInput.cpp; sourceTree = "<group>"; };
		A29CB2661DCFF8FD004462C6 /* Group.cpp */ = {isa = PBXFileReference; lastKnownFileType = sourcecode.cpp.cpp; path = Group.cpp; sourceTree = "<group>"; };
		A29CB2681DCFF8FD004462C6 /* Layer.cpp */ = {isa = PBXFileReference; lastKnownFileType = sourcecode.cpp.cpp; path = Layer.cpp; sourceTree = "<group>"; };
		A29CB26A1DCFF8FD004462C6 /* Loop.cpp */ = {isa = PBXFileReference; lastKnownFileType = sourcecode.cpp.cpp; path = Loop.cpp; sourceTree = "<group>"; };
		A29CB26C1DCFF8FD004462C6 /* LoopInput.cpp */ = {isa = PBXFileReference; lastKnownFileType = sourcecode.cpp.cpp; path = LoopInput.cpp; sourceTree = "<group>"; };
		A29CB26E1DCFF8FD004462C6 /* Material.cpp */ = {isa = PBXFileReference; lastKnownFileType = sourcecode.cpp.cpp; path = Material.cpp; sourceTree = "<group>"; };
		A29CB2701DCFF8FD004462C6 /* MaterialInput.cpp */ = {isa = PBXFileReference; lastKnownFileType = sourcecode.cpp.cpp; path = MaterialInput.cpp; sourceTree = "<group>"; };
		A29CB2721DCFF8FD004462C6 /* Model.cpp */ = {isa = PBXFileReference; lastKnownFileType = sourcecode.cpp.cpp; path = Model.cpp; sourceTree = "<group>"; };
		A29CB2741DCFF8FD004462C6 /* TextureWriter.cpp */ = {isa = PBXFileReference; lastKnownFileType = sourcecode.cpp.cpp; path = TextureWriter.cpp; sourceTree = "<group>"; };
		A29CB2761DCFF8FD004462C6 /* TypedValue.cpp */ = {isa = PBXFileReference; lastKnownFileType = sourcecode.cpp.cpp; path = TypedValue.cpp; sourceTree = "<group>"; };
		A29CB2781DCFF8FD004462C6 /* UVHelper.cpp */ = {isa = PBXFileReference; lastKnownFileType = sourcecode.cpp.cpp; path = UVHelper.cpp; sourceTree = "<group>"; };
		A29CB27A1DCFF8FD004462C6 /* Vertex.cpp */ = {isa = PBXFileReference; lastKnownFileType = sourcecode.cpp.cpp; path = Vertex.cpp; sourceTree = "<group>"; };
		A29CB27C1DCFF8FD004462C6 /* String.cpp */ = {isa = PBXFileReference; lastKnownFileType = sourcecode.cpp.cpp; path = String.cpp; sourceTree = "<group>"; };
		A29CB27E1DCFF8FD004462C6 /* Transformation.cpp */ = {isa = PBXFileReference; lastKnownFileType = sourcecode.cpp.cpp; path = Transformation.cpp; sourceTree = "<group>"; };
		A29CB2801DCFF90A004462C6 /* README.md */ = {isa = PBXFileReference; lastKnownFileType = net.daringfireball.markdown; path = README.md; sourceTree = "<group>"; };
		A2BA0E40203F3D350040D339 /* LayOutAPI.framework */ = {isa = PBXFileReference; lastKnownFileType = wrapper.framework; path = LayOutAPI.framework; sourceTree = "<group>"; };
		A2BA0E41203F3D350040D339 /* SketchUpAPI.framework */ = {isa = PBXFileReference; lastKnownFileType = wrapper.framework; path = SketchUpAPI.framework; sourceTree = "<group>"; };
		A2BA0E45203F421F0040D339 /* String.hpp */ = {isa = PBXFileReference; lastKnownFileType = sourcecode.cpp.h; path = String.hpp; sourceTree = "<group>"; };
		A2BA0E46203F421F0040D339 /* Color.hpp */ = {isa = PBXFileReference; lastKnownFileType = sourcecode.cpp.h; path = Color.hpp; sourceTree = "<group>"; };
		A2BA0E47203F421F0040D339 /* Geometry.hpp */ = {isa = PBXFileReference; lastKnownFileType = sourcecode.cpp.h; path = Geometry.hpp; sourceTree = "<group>"; };
		A2BA0E48203F421F0040D339 /* Initialize.hpp */ = {isa = PBXFileReference; lastKnownFileType = sourcecode.cpp.h; path = Initialize.hpp; sourceTree = "<group>"; };
		A2BA0E49203F421F0040D339 /* Transformation.hpp */ = {isa = PBXFileReference; lastKnownFileType = sourcecode.cpp.h; path = Transformation.hpp; sourceTree = "<group>"; };
		A2BA0E4A203F422A0040D339 /* Entity.hpp */ = {isa = PBXFileReference; lastKnownFileType = sourcecode.cpp.h; path = Entity.hpp; sourceTree = "<group>"; };
		A2BA0E4B203F422A0040D339 /* TextureWriter.hpp */ = {isa = PBXFileReference; lastKnownFileType = sourcecode.cpp.h; path = TextureWriter.hpp; sourceTree = "<group>"; };
		A2BA0E4C203F422A0040D339 /* UVHelper.hpp */ = {isa = PBXFileReference; lastKnownFileType = sourcecode.cpp.h; path = UVHelper.hpp; sourceTree = "<group>"; };
		A2BA0E4D203F422A0040D339 /* Axes.hpp */ = {isa = PBXFileReference; lastKnownFileType = sourcecode.cpp.h; path = Axes.hpp; sourceTree = "<group>"; };
		A2BA0E4E203F422A0040D339 /* ImageRep.hpp */ = {isa = PBXFileReference; lastKnownFileType = sourcecode.cpp.h; path = ImageRep.hpp; sourceTree = "<group>"; };
		A2BA0E4F203F422A0040D339 /* DrawingElement.hpp */ = {isa = PBXFileReference; lastKnownFileType = sourcecode.cpp.h; path = DrawingElement.hpp; sourceTree = "<group>"; };
		A2BA0E50203F422A0040D339 /* RenderingOptions.hpp */ = {isa = PBXFileReference; lastKnownFileType = sourcecode.cpp.h; path = RenderingOptions.hpp; sourceTree = "<group>"; };
		A2BA0E51203F422A0040D339 /* GeometryInput.hpp */ = {isa = PBXFileReference; lastKnownFileType = sourcecode.cpp.h; path = GeometryInput.hpp; sourceTree = "<group>"; };
		A2BA0E52203F422A0040D339 /* Vertex.hpp */ = {isa = PBXFileReference; lastKnownFileType = sourcecode.cpp.h; path = Vertex.hpp; sourceTree = "<group>"; };
		A2BA0E53203F422A0040D339 /* Loop.hpp */ = {isa = PBXFileReference; lastKnownFileType = sourcecode.cpp.h; path = Loop.hpp; sourceTree = "<group>"; };
		A2BA0E54203F422A0040D339 /* ShadowInfo.hpp */ = {isa = PBXFileReference; lastKnownFileType = sourcecode.cpp.h; path = ShadowInfo.hpp; sourceTree = "<group>"; };
		A2BA0E55203F422A0040D339 /* AttributeDictionary.hpp */ = {isa = PBXFileReference; lastKnownFileType = sourcecode.cpp.h; path = AttributeDictionary.hpp; sourceTree = "<group>"; };
		A2BA0E56203F422A0040D339 /* Group.hpp */ = {isa = PBXFileReference; lastKnownFileType = sourcecode.cpp.h; path = Group.hpp; sourceTree = "<group>"; };
		A2BA0E57203F422A0040D339 /* Model.hpp */ = {isa = PBXFileReference; lastKnownFileType = sourcecode.cpp.h; path = Model.hpp; sourceTree = "<group>"; };
		A2BA0E58203F422A0040D339 /* Layer.hpp */ = {isa = PBXFileReference; lastKnownFileType = sourcecode.cpp.h; path = Layer.hpp; sourceTree = "<group>"; };
		A2BA0E59203F422A0040D339 /* Texture.hpp */ = {isa = PBXFileReference; lastKnownFileType = sourcecode.cpp.h; path = Texture.hpp; sourceTree = "<group>"; };
		A2BA0E5A203F422A0040D339 /* Classifications.hpp */ = {isa = PBXFileReference; lastKnownFileType = sourcecode.cpp.h; path = Classifications.hpp; sourceTree = "<group>"; };
		A2BA0E5B203F422A0040D339 /* LoopInput.hpp */ = {isa = PBXFileReference; lastKnownFileType = sourcecode.cpp.h; path = LoopInput.hpp; sourceTree = "<group>"; };
		A2BA0E5C203F422B0040D339 /* Curve.hpp */ = {isa = PBXFileReference; lastKnownFileType = sourcecode.cpp.h; path = Curve.hpp; sourceTree = "<group>"; };
		A2BA0E5D203F422B0040D339 /* OptionsManager.hpp */ = {isa = PBXFileReference; lastKnownFileType = sourcecode.cpp.h; path = OptionsManager.hpp; sourceTree = "<group>"; };
		A2BA0E5E203F422B0040D339 /* Edge.hpp */ = {isa = PBXFileReference; lastKnownFileType = sourcecode.cpp.h; path = Edge.hpp; sourceTree = "<group>"; };
		A2BA0E5F203F422B0040D339 /* Material.hpp */ = {isa = PBXFileReference; lastKnownFileType = sourcecode.cpp.h; path = Material.hpp; sourceTree = "<group>"; };
		A2BA0E60203F422B0040D339 /* ComponentInstance.hpp */ = {isa = PBXFileReference; lastKnownFileType = sourcecode.cpp.h; path = ComponentInstance.hpp; sourceTree = "<group>"; };
		A2BA0E61203F422B0040D339 /* Face.hpp */ = {isa = PBXFileReference; lastKnownFileType = sourcecode.cpp.h; path = Face.hpp; sourceTree = "<group>"; };
		A2BA0E62203F422B0040D339 /* ComponentDefinition.hpp */ = {isa = PBXFileReference; lastKnownFileType = sourcecode.cpp.h; path = ComponentDefinition.hpp; sourceTree = "<group>"; };
		A2BA0E63203F422B0040D339 /* TypedValue.hpp */ = {isa = PBXFileReference; lastKnownFileType = sourcecode.cpp.h; path = TypedValue.hpp; sourceTree = "<group>"; };
		A2BA0E64203F422B0040D339 /* MaterialInput.hpp */ = {isa = PBXFileReference; lastKnownFileType = sourcecode.cpp.h; path = MaterialInput.hpp; sourceTree = "<group>"; };
		A2BA0E65203F422B0040D339 /* Entities.hpp */ = {isa = PBXFileReference; lastKnownFileType = sourcecode.cpp.h; path = Entities.hpp; sourceTree = "<group>"; };
		A2CDE7F22030C67200BA0D60 /* libSU-Cpp-Wrapper-2018.a */ = {isa = PBXFileReference; explicitFileType = archive.ar; includeInIndex = 0; path = "libSU-Cpp-Wrapper-2018.a"; sourceTree = BUILT_PRODUCTS_DIR; };
		A2D08B5D1F30B1CB001FF9FB /* Texture.cpp */ = {isa = PBXFileReference; fileEncoding = 4; lastKnownFileType = sourcecode.cpp.cpp; path = Texture.cpp; sourceTree = "<group>"; };
/* End PBXFileReference section */

/* Begin PBXFrameworksBuildPhase section */
		A2CDE7ED2030C67200BA0D60 /* Frameworks */ = {
			isa = PBXFrameworksBuildPhase;
			buildActionMask = 2147483647;
			files = (
			);
			runOnlyForDeploymentPostprocessing = 0;
		};
/* End PBXFrameworksBuildPhase section */

/* Begin PBXGroup section */
		A20F318E203F1A7E00A1BDE9 /* src */ = {
			isa = PBXGroup;
			children = (
				A26449301DCFEA71007F7CF4 /* SUAPI-CppWrapper */,
			);
			path = src;
			sourceTree = "<group>";
		};
		A26449251DCFEA71007F7CF4 = {
			isa = PBXGroup;
			children = (
				A2BA0E42203F3F4F0040D339 /* include */,
				A2BA0E3D203F3D350040D339 /* resources */,
				A20F3190203F1CCC00A1BDE9 /* .gitignore */,
				A20F318E203F1A7E00A1BDE9 /* src */,
				A264EDE41FA1E36B002609B4 /* .travis.yml */,
				A2081EC91FA1F6D80045900D /* DOXYFILE */,
				A264EDE31FA1E2AD002609B4 /* generateDocumentationAndDeploy.sh */,
				A29CB2801DCFF90A004462C6 /* README.md */,
				A2303FE81F9A8146006F8734 /* LICENSE */,
				A2CDE7F22030C67200BA0D60 /* libSU-Cpp-Wrapper-2018.a */,
				A2CDE7F32030C6D700BA0D60 /* Frameworks */,
			);
			sourceTree = "<group>";
		};
		A26449301DCFEA71007F7CF4 /* SUAPI-CppWrapper */ = {
			isa = PBXGroup;
			children = (
				A29CB24B1DCFF8FD004462C6 /* Color.cpp */,
				A29CB24D1DCFF8FD004462C6 /* Geometry.cpp */,
				A29CB24F1DCFF8FD004462C6 /* model */,
				A29CB27C1DCFF8FD004462C6 /* String.cpp */,
				A29CB27E1DCFF8FD004462C6 /* Transformation.cpp */,
				A2169DBD1EBB51B4007FD8AA /* Initialize.cpp */,
			);
			name = "SUAPI-CppWrapper";
			path = "src/SUAPI-CppWrapper";
			sourceTree = SOURCE_ROOT;
		};
		A29CB24F1DCFF8FD004462C6 /* model */ = {
			isa = PBXGroup;
			children = (
				A263C155203243E20015045F /* RenderingOptions.cpp */,
				A263C153203243E10015045F /* ShadowInfo.cpp */,
				A29340661EC914C600A5A9A5 /* Classifications.cpp */,
				A29340681EC914C600A5A9A5 /* OptionsManager.cpp */,
				A29CB2501DCFF8FD004462C6 /* AttributeDictionary.cpp */,
				A29CB2521DCFF8FD004462C6 /* Axes.cpp */,
				A29CB2541DCFF8FD004462C6 /* ComponentDefinition.cpp */,
				A29CB2561DCFF8FD004462C6 /* ComponentInstance.cpp */,
				A29CB2581DCFF8FD004462C6 /* Curve.cpp */,
				A29CB25A1DCFF8FD004462C6 /* DrawingElement.cpp */,
				A29CB25C1DCFF8FD004462C6 /* Edge.cpp */,
				A29CB25E1DCFF8FD004462C6 /* Entities.cpp */,
				A29CB2601DCFF8FD004462C6 /* Entity.cpp */,
				A29CB2621DCFF8FD004462C6 /* Face.cpp */,
				A29CB2641DCFF8FD004462C6 /* GeometryInput.cpp */,
				A29CB2661DCFF8FD004462C6 /* Group.cpp */,
				A230D0AA1F30E23E00E64FDB /* ImageRep.cpp */,
				A29CB2681DCFF8FD004462C6 /* Layer.cpp */,
				A29CB26A1DCFF8FD004462C6 /* Loop.cpp */,
				A29CB26C1DCFF8FD004462C6 /* LoopInput.cpp */,
				A29CB26E1DCFF8FD004462C6 /* Material.cpp */,
				A29CB2701DCFF8FD004462C6 /* MaterialInput.cpp */,
				A29CB2721DCFF8FD004462C6 /* Model.cpp */,
				A2D08B5D1F30B1CB001FF9FB /* Texture.cpp */,
				A29CB2741DCFF8FD004462C6 /* TextureWriter.cpp */,
				A29CB2761DCFF8FD004462C6 /* TypedValue.cpp */,
				A29CB2781DCFF8FD004462C6 /* UVHelper.cpp */,
				A29CB27A1DCFF8FD004462C6 /* Vertex.cpp */,
			);
			path = model;
			sourceTree = "<group>";
		};
		A2BA0E3D203F3D350040D339 /* resources */ = {
			isa = PBXGroup;
			children = (
				A2BA0E3E203F3D350040D339 /* SketchUpAPI */,
			);
			path = resources;
			sourceTree = "<group>";
		};
		A2BA0E3E203F3D350040D339 /* SketchUpAPI */ = {
			isa = PBXGroup;
			children = (
				A2BA0E3F203F3D350040D339 /* 2018 */,
			);
			path = SketchUpAPI;
			sourceTree = "<group>";
		};
		A2BA0E3F203F3D350040D339 /* 2018 */ = {
			isa = PBXGroup;
			children = (
				A2BA0E40203F3D350040D339 /* LayOutAPI.framework */,
				A2BA0E41203F3D350040D339 /* SketchUpAPI.framework */,
			);
			path = 2018;
			sourceTree = "<group>";
		};
		A2BA0E42203F3F4F0040D339 /* include */ = {
			isa = PBXGroup;
			children = (
				A2BA0E43203F3F590040D339 /* SUAPI-CppWrapper */,
			);
			path = include;
			sourceTree = "<group>";
		};
		A2BA0E43203F3F590040D339 /* SUAPI-CppWrapper */ = {
			isa = PBXGroup;
			children = (
				A2BA0E46203F421F0040D339 /* Color.hpp */,
				A2BA0E47203F421F0040D339 /* Geometry.hpp */,
				A2BA0E48203F421F0040D339 /* Initialize.hpp */,
				A2BA0E45203F421F0040D339 /* String.hpp */,
				A2BA0E49203F421F0040D339 /* Transformation.hpp */,
				A2BA0E44203F3F880040D339 /* model */,
			);
			path = "SUAPI-CppWrapper";
			sourceTree = "<group>";
		};
		A2BA0E44203F3F880040D339 /* model */ = {
			isa = PBXGroup;
			children = (
				A2BA0E55203F422A0040D339 /* AttributeDictionary.hpp */,
				A2BA0E4D203F422A0040D339 /* Axes.hpp */,
				A2BA0E5A203F422A0040D339 /* Classifications.hpp */,
				A2BA0E62203F422B0040D339 /* ComponentDefinition.hpp */,
				A2BA0E60203F422B0040D339 /* ComponentInstance.hpp */,
				A2BA0E5C203F422B0040D339 /* Curve.hpp */,
				A2BA0E4F203F422A0040D339 /* DrawingElement.hpp */,
				A2BA0E5E203F422B0040D339 /* Edge.hpp */,
				A2BA0E65203F422B0040D339 /* Entities.hpp */,
				A2BA0E4A203F422A0040D339 /* Entity.hpp */,
				A2BA0E61203F422B0040D339 /* Face.hpp */,
				A2BA0E51203F422A0040D339 /* GeometryInput.hpp */,
				A2BA0E56203F422A0040D339 /* Group.hpp */,
				A2BA0E4E203F422A0040D339 /* ImageRep.hpp */,
				A2BA0E58203F422A0040D339 /* Layer.hpp */,
				A2BA0E53203F422A0040D339 /* Loop.hpp */,
				A2BA0E5B203F422A0040D339 /* LoopInput.hpp */,
				A2BA0E5F203F422B0040D339 /* Material.hpp */,
				A2BA0E64203F422B0040D339 /* MaterialInput.hpp */,
				A2BA0E57203F422A0040D339 /* Model.hpp */,
				A2BA0E5D203F422B0040D339 /* OptionsManager.hpp */,
				A2BA0E50203F422A0040D339 /* RenderingOptions.hpp */,
				A2BA0E54203F422A0040D339 /* ShadowInfo.hpp */,
				A2BA0E59203F422A0040D339 /* Texture.hpp */,
				A2BA0E4B203F422A0040D339 /* TextureWriter.hpp */,
				A2BA0E63203F422B0040D339 /* TypedValue.hpp */,
				A2BA0E4C203F422A0040D339 /* UVHelper.hpp */,
				A2BA0E52203F422A0040D339 /* Vertex.hpp */,
			);
			path = model;
			sourceTree = "<group>";
		};
		A2CDE7F32030C6D700BA0D60 /* Frameworks */ = {
			isa = PBXGroup;
			children = (
			);
			name = Frameworks;
			sourceTree = "<group>";
		};
/* End PBXGroup section */

/* Begin PBXHeadersBuildPhase section */
		A2CDE7EE2030C67200BA0D60 /* Headers */ = {
			isa = PBXHeadersBuildPhase;
			buildActionMask = 2147483647;
			files = (
			);
			runOnlyForDeploymentPostprocessing = 0;
		};
/* End PBXHeadersBuildPhase section */

/* Begin PBXNativeTarget section */
		A2CDE7CC2030C67200BA0D60 /* SU-Cpp-Wrapper-2018 */ = {
			isa = PBXNativeTarget;
			buildConfigurationList = A2CDE7EF2030C67200BA0D60 /* Build configuration list for PBXNativeTarget "SU-Cpp-Wrapper-2018" */;
			buildPhases = (
				A2CDE7CD2030C67200BA0D60 /* Sources */,
				A2CDE7ED2030C67200BA0D60 /* Frameworks */,
				A2CDE7EE2030C67200BA0D60 /* Headers */,
			);
			buildRules = (
			);
			dependencies = (
			);
			name = "SU-Cpp-Wrapper-2018";
			productName = "SU-Cpp-Wrapper";
			productReference = A2CDE7F22030C67200BA0D60 /* libSU-Cpp-Wrapper-2018.a */;
			productType = "com.apple.product-type.library.static";
		};
/* End PBXNativeTarget section */

/* Begin PBXProject section */
		A26449261DCFEA71007F7CF4 /* Project object */ = {
			isa = PBXProject;
			attributes = {
				LastUpgradeCheck = 0900;
				ORGANIZATIONNAME = TommyKaneko;
				TargetAttributes = {
					A2CDE7CC2030C67200BA0D60 = {
						ProvisioningStyle = Automatic;
					};
				};
			};
			buildConfigurationList = A26449291DCFEA71007F7CF4 /* Build configuration list for PBXProject "SUAPI-CppWrapper" */;
			compatibilityVersion = "Xcode 3.2";
			developmentRegion = English;
			hasScannedForEncodings = 0;
			knownRegions = (
				en,
			);
			mainGroup = A26449251DCFEA71007F7CF4;
			productRefGroup = A26449251DCFEA71007F7CF4;
			projectDirPath = "";
			projectRoot = "";
			targets = (
				A2CDE7CC2030C67200BA0D60 /* SU-Cpp-Wrapper-2018 */,
			);
		};
/* End PBXProject section */

/* Begin PBXSourcesBuildPhase section */
		A2CDE7CD2030C67200BA0D60 /* Sources */ = {
			isa = PBXSourcesBuildPhase;
			buildActionMask = 2147483647;
			files = (
				A263C161203250140015045F /* RenderingOptions.cpp in Sources */,
				A263C162203250140015045F /* ShadowInfo.cpp in Sources */,
				A2CDE7CE2030C67200BA0D60 /* Color.cpp in Sources */,
				A2CDE7CF2030C67200BA0D60 /* Geometry.cpp in Sources */,
				A2CDE7D02030C67200BA0D60 /* Classifications.cpp in Sources */,
				A2CDE7D12030C67200BA0D60 /* OptionsManager.cpp in Sources */,
				A2CDE7D22030C67200BA0D60 /* AttributeDictionary.cpp in Sources */,
				A2CDE7D32030C67200BA0D60 /* Axes.cpp in Sources */,
				A2CDE7D42030C67200BA0D60 /* ComponentDefinition.cpp in Sources */,
				A2CDE7D52030C67200BA0D60 /* ComponentInstance.cpp in Sources */,
				A2CDE7D62030C67200BA0D60 /* Curve.cpp in Sources */,
				A2CDE7D72030C67200BA0D60 /* DrawingElement.cpp in Sources */,
				A2CDE7D82030C67200BA0D60 /* Edge.cpp in Sources */,
				A2CDE7D92030C67200BA0D60 /* Entities.cpp in Sources */,
				A2CDE7DA2030C67200BA0D60 /* Entity.cpp in Sources */,
				A2CDE7DB2030C67200BA0D60 /* Face.cpp in Sources */,
				A2CDE7DC2030C67200BA0D60 /* GeometryInput.cpp in Sources */,
				A2CDE7DD2030C67200BA0D60 /* Group.cpp in Sources */,
				A2CDE7DE2030C67200BA0D60 /* ImageRep.cpp in Sources */,
				A2CDE7DF2030C67200BA0D60 /* Layer.cpp in Sources */,
				A2CDE7E02030C67200BA0D60 /* Loop.cpp in Sources */,
				A2CDE7E12030C67200BA0D60 /* LoopInput.cpp in Sources */,
				A2CDE7E22030C67200BA0D60 /* Material.cpp in Sources */,
				A2CDE7E32030C67200BA0D60 /* MaterialInput.cpp in Sources */,
				A2CDE7E42030C67200BA0D60 /* Model.cpp in Sources */,
				A2CDE7E52030C67200BA0D60 /* Texture.cpp in Sources */,
				A2CDE7E62030C67200BA0D60 /* TextureWriter.cpp in Sources */,
				A2CDE7E72030C67200BA0D60 /* TypedValue.cpp in Sources */,
				A2CDE7E82030C67200BA0D60 /* UVHelper.cpp in Sources */,
				A2CDE7E92030C67200BA0D60 /* Vertex.cpp in Sources */,
				A2CDE7EA2030C67200BA0D60 /* String.cpp in Sources */,
				A2CDE7EB2030C67200BA0D60 /* Transformation.cpp in Sources */,
				A2CDE7EC2030C67200BA0D60 /* Initialize.cpp in Sources */,
			);
			runOnlyForDeploymentPostprocessing = 0;
		};
/* End PBXSourcesBuildPhase section */

/* Begin XCBuildConfiguration section */
		A26449331DCFEA71007F7CF4 /* Debug */ = {
			isa = XCBuildConfiguration;
			buildSettings = {
				ALWAYS_SEARCH_USER_PATHS = NO;
				CLANG_CXX_LANGUAGE_STANDARD = "gnu++0x";
				CLANG_CXX_LIBRARY = "libc++";
				CLANG_ENABLE_MODULES = YES;
				CLANG_ENABLE_OBJC_ARC = YES;
				CLANG_WARN_BLOCK_CAPTURE_AUTORELEASING = YES;
				CLANG_WARN_BOOL_CONVERSION = YES;
				CLANG_WARN_COMMA = YES;
				CLANG_WARN_CONSTANT_CONVERSION = YES;
				CLANG_WARN_DIRECT_OBJC_ISA_USAGE = YES_ERROR;
				CLANG_WARN_EMPTY_BODY = YES;
				CLANG_WARN_ENUM_CONVERSION = YES;
				CLANG_WARN_INFINITE_RECURSION = YES;
				CLANG_WARN_INT_CONVERSION = YES;
				CLANG_WARN_NON_LITERAL_NULL_CONVERSION = YES;
				CLANG_WARN_OBJC_LITERAL_CONVERSION = YES;
				CLANG_WARN_OBJC_ROOT_CLASS = YES_ERROR;
				CLANG_WARN_RANGE_LOOP_ANALYSIS = YES;
				CLANG_WARN_STRICT_PROTOTYPES = YES;
				CLANG_WARN_SUSPICIOUS_MOVE = YES;
				CLANG_WARN_UNREACHABLE_CODE = YES;
				CLANG_WARN__DUPLICATE_METHOD_MATCH = YES;
				CODE_SIGN_IDENTITY = "-";
				COPY_PHASE_STRIP = NO;
				DEBUG_INFORMATION_FORMAT = dwarf;
				ENABLE_STRICT_OBJC_MSGSEND = YES;
				ENABLE_TESTABILITY = YES;
				GCC_C_LANGUAGE_STANDARD = gnu99;
				GCC_DYNAMIC_NO_PIC = NO;
				GCC_NO_COMMON_BLOCKS = YES;
				GCC_OPTIMIZATION_LEVEL = 0;
				GCC_PREPROCESSOR_DEFINITIONS = (
					"DEBUG=1",
					"$(inherited)",
				);
				GCC_WARN_64_TO_32_BIT_CONVERSION = YES;
				GCC_WARN_ABOUT_RETURN_TYPE = YES_ERROR;
				GCC_WARN_UNDECLARED_SELECTOR = YES;
				GCC_WARN_UNINITIALIZED_AUTOS = YES_AGGRESSIVE;
				GCC_WARN_UNUSED_FUNCTION = YES;
				GCC_WARN_UNUSED_VARIABLE = YES;
				HEADER_SEARCH_PATHS = "";
				MACOSX_DEPLOYMENT_TARGET = 10.10;
				MTL_ENABLE_DEBUG_INFO = YES;
				ONLY_ACTIVE_ARCH = YES;
				SDKROOT = macosx;
				USER_HEADER_SEARCH_PATHS = "$SRCROOT/**";
				USE_HEADERMAP = NO;
			};
			name = Debug;
		};
		A26449341DCFEA71007F7CF4 /* Release */ = {
			isa = XCBuildConfiguration;
			buildSettings = {
				ALWAYS_SEARCH_USER_PATHS = NO;
				CLANG_CXX_LANGUAGE_STANDARD = "gnu++0x";
				CLANG_CXX_LIBRARY = "libc++";
				CLANG_ENABLE_MODULES = YES;
				CLANG_ENABLE_OBJC_ARC = YES;
				CLANG_WARN_BLOCK_CAPTURE_AUTORELEASING = YES;
				CLANG_WARN_BOOL_CONVERSION = YES;
				CLANG_WARN_COMMA = YES;
				CLANG_WARN_CONSTANT_CONVERSION = YES;
				CLANG_WARN_DIRECT_OBJC_ISA_USAGE = YES_ERROR;
				CLANG_WARN_EMPTY_BODY = YES;
				CLANG_WARN_ENUM_CONVERSION = YES;
				CLANG_WARN_INFINITE_RECURSION = YES;
				CLANG_WARN_INT_CONVERSION = YES;
				CLANG_WARN_NON_LITERAL_NULL_CONVERSION = YES;
				CLANG_WARN_OBJC_LITERAL_CONVERSION = YES;
				CLANG_WARN_OBJC_ROOT_CLASS = YES_ERROR;
				CLANG_WARN_RANGE_LOOP_ANALYSIS = YES;
				CLANG_WARN_STRICT_PROTOTYPES = YES;
				CLANG_WARN_SUSPICIOUS_MOVE = YES;
				CLANG_WARN_UNREACHABLE_CODE = YES;
				CLANG_WARN__DUPLICATE_METHOD_MATCH = YES;
				CODE_SIGN_IDENTITY = "-";
				COPY_PHASE_STRIP = NO;
				DEBUG_INFORMATION_FORMAT = "dwarf-with-dsym";
				ENABLE_NS_ASSERTIONS = NO;
				ENABLE_STRICT_OBJC_MSGSEND = YES;
				GCC_C_LANGUAGE_STANDARD = gnu99;
				GCC_NO_COMMON_BLOCKS = YES;
				GCC_WARN_64_TO_32_BIT_CONVERSION = YES;
				GCC_WARN_ABOUT_RETURN_TYPE = YES_ERROR;
				GCC_WARN_UNDECLARED_SELECTOR = YES;
				GCC_WARN_UNINITIALIZED_AUTOS = YES_AGGRESSIVE;
				GCC_WARN_UNUSED_FUNCTION = YES;
				GCC_WARN_UNUSED_VARIABLE = YES;
				HEADER_SEARCH_PATHS = "";
				MACOSX_DEPLOYMENT_TARGET = 10.10;
				MTL_ENABLE_DEBUG_INFO = NO;
				SDKROOT = macosx;
				USER_HEADER_SEARCH_PATHS = "$SRCROOT/**";
				USE_HEADERMAP = NO;
			};
			name = Release;
		};
		A2CDE7F02030C67200BA0D60 /* Debug */ = {
			isa = XCBuildConfiguration;
			buildSettings = {
				CLANG_ANALYZER_NONNULL = YES;
				CLANG_ANALYZER_NUMBER_OBJECT_CONVERSION = YES_AGGRESSIVE;
				CLANG_CXX_LANGUAGE_STANDARD = "gnu++14";
				CLANG_WARN_DOCUMENTATION_COMMENTS = YES;
				CLANG_WARN_UNGUARDED_AVAILABILITY = YES_AGGRESSIVE;
				CODE_SIGN_STYLE = Automatic;
				EXECUTABLE_PREFIX = lib;
				FRAMEWORK_SEARCH_PATHS = "$(PROJECT_DIR)/resources/SketchUpAPI/2018";
				GCC_C_LANGUAGE_STANDARD = gnu11;
				HEADER_SEARCH_PATHS = "$(PROJECT_DIR)/include/**";
				MACOSX_DEPLOYMENT_TARGET = 10.10;
				PRODUCT_NAME = "$(TARGET_NAME)";
				USER_HEADER_SEARCH_PATHS = "$(PROJECT_DIR)/include/**";
			};
			name = Debug;
		};
		A2CDE7F12030C67200BA0D60 /* Release */ = {
			isa = XCBuildConfiguration;
			buildSettings = {
				CLANG_ANALYZER_NONNULL = YES;
				CLANG_ANALYZER_NUMBER_OBJECT_CONVERSION = YES_AGGRESSIVE;
				CLANG_CXX_LANGUAGE_STANDARD = "gnu++14";
				CLANG_WARN_DOCUMENTATION_COMMENTS = YES;
				CLANG_WARN_UNGUARDED_AVAILABILITY = YES_AGGRESSIVE;
				CODE_SIGN_STYLE = Automatic;
				EXECUTABLE_PREFIX = lib;
				FRAMEWORK_SEARCH_PATHS = "$(PROJECT_DIR)/resources/SketchUpAPI/2018";
				GCC_C_LANGUAGE_STANDARD = gnu11;
				HEADER_SEARCH_PATHS = "$(PROJECT_DIR)/include/**";
				MACOSX_DEPLOYMENT_TARGET = 10.10;
				PRODUCT_NAME = "$(TARGET_NAME)";
				USER_HEADER_SEARCH_PATHS = "$(PROJECT_DIR)/include/**";
			};
			name = Release;
		};
/* End XCBuildConfiguration section */

/* Begin XCConfigurationList section */
		A26449291DCFEA71007F7CF4 /* Build configuration list for PBXProject "SUAPI-CppWrapper" */ = {
			isa = XCConfigurationList;
			buildConfigurations = (
				A26449331DCFEA71007F7CF4 /* Debug */,
				A26449341DCFEA71007F7CF4 /* Release */,
			);
			defaultConfigurationIsVisible = 0;
			defaultConfigurationName = Release;
		};
		A2CDE7EF2030C67200BA0D60 /* Build configuration list for PBXNativeTarget "SU-Cpp-Wrapper-2018" */ = {
			isa = XCConfigurationList;
			buildConfigurations = (
				A2CDE7F02030C67200BA0D60 /* Debug */,
				A2CDE7F12030C67200BA0D60 /* Release */,
			);
			defaultConfigurationIsVisible = 0;
			defaultConfigurationName = Release;
		};
/* End XCConfigurationList section */
	};
	rootObject = A26449261DCFEA71007F7CF4 /* Project object */;
}
