// !$*UTF8*$!
{
	archiveVersion = 1;
	classes = {
	};
	objectVersion = 46;
	objects = {

/* Begin PBXBuildFile section */
		A2BB13821DDF16DE005714E1 /* Color.cpp in Sources */ = {isa = PBXBuildFile; fileRef = A29CB24B1DCFF8FD004462C6 /* Color.cpp */; };
		A2BB13831DDF16DE005714E1 /* Geometry.cpp in Sources */ = {isa = PBXBuildFile; fileRef = A29CB24D1DCFF8FD004462C6 /* Geometry.cpp */; };
		A2BB13841DDF16DE005714E1 /* AttributeDictionary.cpp in Sources */ = {isa = PBXBuildFile; fileRef = A29CB2501DCFF8FD004462C6 /* AttributeDictionary.cpp */; };
		A2BB13851DDF16DE005714E1 /* Axes.cpp in Sources */ = {isa = PBXBuildFile; fileRef = A29CB2521DCFF8FD004462C6 /* Axes.cpp */; };
		A2BB13861DDF16DE005714E1 /* ComponentDefinition.cpp in Sources */ = {isa = PBXBuildFile; fileRef = A29CB2541DCFF8FD004462C6 /* ComponentDefinition.cpp */; };
		A2BB13871DDF16DE005714E1 /* ComponentInstance.cpp in Sources */ = {isa = PBXBuildFile; fileRef = A29CB2561DCFF8FD004462C6 /* ComponentInstance.cpp */; };
		A2BB13881DDF16DE005714E1 /* Curve.cpp in Sources */ = {isa = PBXBuildFile; fileRef = A29CB2581DCFF8FD004462C6 /* Curve.cpp */; };
		A2BB13891DDF16DE005714E1 /* DrawingElement.cpp in Sources */ = {isa = PBXBuildFile; fileRef = A29CB25A1DCFF8FD004462C6 /* DrawingElement.cpp */; };
		A2BB138A1DDF16DE005714E1 /* Edge.cpp in Sources */ = {isa = PBXBuildFile; fileRef = A29CB25C1DCFF8FD004462C6 /* Edge.cpp */; };
		A2BB138B1DDF16DE005714E1 /* Entities.cpp in Sources */ = {isa = PBXBuildFile; fileRef = A29CB25E1DCFF8FD004462C6 /* Entities.cpp */; };
		A2BB138C1DDF16DE005714E1 /* Entity.cpp in Sources */ = {isa = PBXBuildFile; fileRef = A29CB2601DCFF8FD004462C6 /* Entity.cpp */; };
		A2BB138D1DDF16DE005714E1 /* Face.cpp in Sources */ = {isa = PBXBuildFile; fileRef = A29CB2621DCFF8FD004462C6 /* Face.cpp */; };
		A2BB138E1DDF16DE005714E1 /* GeometryInput.cpp in Sources */ = {isa = PBXBuildFile; fileRef = A29CB2641DCFF8FD004462C6 /* GeometryInput.cpp */; };
		A2BB138F1DDF16DE005714E1 /* Group.cpp in Sources */ = {isa = PBXBuildFile; fileRef = A29CB2661DCFF8FD004462C6 /* Group.cpp */; };
		A2BB13901DDF16DE005714E1 /* Layer.cpp in Sources */ = {isa = PBXBuildFile; fileRef = A29CB2681DCFF8FD004462C6 /* Layer.cpp */; };
		A2BB13911DDF16DE005714E1 /* Loop.cpp in Sources */ = {isa = PBXBuildFile; fileRef = A29CB26A1DCFF8FD004462C6 /* Loop.cpp */; };
		A2BB13921DDF16DE005714E1 /* LoopInput.cpp in Sources */ = {isa = PBXBuildFile; fileRef = A29CB26C1DCFF8FD004462C6 /* LoopInput.cpp */; };
		A2BB13931DDF16DE005714E1 /* Material.cpp in Sources */ = {isa = PBXBuildFile; fileRef = A29CB26E1DCFF8FD004462C6 /* Material.cpp */; };
		A2BB13941DDF16DE005714E1 /* MaterialInput.cpp in Sources */ = {isa = PBXBuildFile; fileRef = A29CB2701DCFF8FD004462C6 /* MaterialInput.cpp */; };
		A2BB13951DDF16DE005714E1 /* Model.cpp in Sources */ = {isa = PBXBuildFile; fileRef = A29CB2721DCFF8FD004462C6 /* Model.cpp */; };
		A2BB13961DDF16DE005714E1 /* TextureWriter.cpp in Sources */ = {isa = PBXBuildFile; fileRef = A29CB2741DCFF8FD004462C6 /* TextureWriter.cpp */; };
		A2BB13971DDF16DE005714E1 /* TypedValue.cpp in Sources */ = {isa = PBXBuildFile; fileRef = A29CB2761DCFF8FD004462C6 /* TypedValue.cpp */; };
		A2BB13981DDF16DE005714E1 /* UVHelper.cpp in Sources */ = {isa = PBXBuildFile; fileRef = A29CB2781DCFF8FD004462C6 /* UVHelper.cpp */; };
		A2BB13991DDF16DE005714E1 /* Vertex.cpp in Sources */ = {isa = PBXBuildFile; fileRef = A29CB27A1DCFF8FD004462C6 /* Vertex.cpp */; };
		A2BB139A1DDF16DE005714E1 /* String.cpp in Sources */ = {isa = PBXBuildFile; fileRef = A29CB27C1DCFF8FD004462C6 /* String.cpp */; };
		A2BB139B1DDF16DE005714E1 /* Transformation.cpp in Sources */ = {isa = PBXBuildFile; fileRef = A29CB27E1DCFF8FD004462C6 /* Transformation.cpp */; };
		A2BB13A41DDF186A005714E1 /* SketchUpAPI.framework in Frameworks */ = {isa = PBXBuildFile; fileRef = A2BB13A31DDF186A005714E1 /* SketchUpAPI.framework */; };
/* End PBXBuildFile section */

/* Begin PBXFileReference section */
		A29CB24B1DCFF8FD004462C6 /* Color.cpp */ = {isa = PBXFileReference; lastKnownFileType = sourcecode.cpp.cpp; path = Color.cpp; sourceTree = "<group>"; };
		A29CB24C1DCFF8FD004462C6 /* Color.hpp */ = {isa = PBXFileReference; lastKnownFileType = sourcecode.cpp.h; path = Color.hpp; sourceTree = "<group>"; };
		A29CB24D1DCFF8FD004462C6 /* Geometry.cpp */ = {isa = PBXFileReference; lastKnownFileType = sourcecode.cpp.cpp; path = Geometry.cpp; sourceTree = "<group>"; };
		A29CB24E1DCFF8FD004462C6 /* Geometry.hpp */ = {isa = PBXFileReference; lastKnownFileType = sourcecode.cpp.h; path = Geometry.hpp; sourceTree = "<group>"; };
		A29CB2501DCFF8FD004462C6 /* AttributeDictionary.cpp */ = {isa = PBXFileReference; lastKnownFileType = sourcecode.cpp.cpp; path = AttributeDictionary.cpp; sourceTree = "<group>"; };
		A29CB2511DCFF8FD004462C6 /* AttributeDictionary.hpp */ = {isa = PBXFileReference; lastKnownFileType = sourcecode.cpp.h; path = AttributeDictionary.hpp; sourceTree = "<group>"; };
		A29CB2521DCFF8FD004462C6 /* Axes.cpp */ = {isa = PBXFileReference; lastKnownFileType = sourcecode.cpp.cpp; path = Axes.cpp; sourceTree = "<group>"; };
		A29CB2531DCFF8FD004462C6 /* Axes.hpp */ = {isa = PBXFileReference; lastKnownFileType = sourcecode.cpp.h; path = Axes.hpp; sourceTree = "<group>"; };
		A29CB2541DCFF8FD004462C6 /* ComponentDefinition.cpp */ = {isa = PBXFileReference; lastKnownFileType = sourcecode.cpp.cpp; path = ComponentDefinition.cpp; sourceTree = "<group>"; };
		A29CB2551DCFF8FD004462C6 /* ComponentDefinition.hpp */ = {isa = PBXFileReference; lastKnownFileType = sourcecode.cpp.h; path = ComponentDefinition.hpp; sourceTree = "<group>"; };
		A29CB2561DCFF8FD004462C6 /* ComponentInstance.cpp */ = {isa = PBXFileReference; lastKnownFileType = sourcecode.cpp.cpp; path = ComponentInstance.cpp; sourceTree = "<group>"; };
		A29CB2571DCFF8FD004462C6 /* ComponentInstance.hpp */ = {isa = PBXFileReference; lastKnownFileType = sourcecode.cpp.h; path = ComponentInstance.hpp; sourceTree = "<group>"; };
		A29CB2581DCFF8FD004462C6 /* Curve.cpp */ = {isa = PBXFileReference; lastKnownFileType = sourcecode.cpp.cpp; path = Curve.cpp; sourceTree = "<group>"; };
		A29CB2591DCFF8FD004462C6 /* Curve.hpp */ = {isa = PBXFileReference; lastKnownFileType = sourcecode.cpp.h; path = Curve.hpp; sourceTree = "<group>"; };
		A29CB25A1DCFF8FD004462C6 /* DrawingElement.cpp */ = {isa = PBXFileReference; lastKnownFileType = sourcecode.cpp.cpp; path = DrawingElement.cpp; sourceTree = "<group>"; };
		A29CB25B1DCFF8FD004462C6 /* DrawingElement.hpp */ = {isa = PBXFileReference; lastKnownFileType = sourcecode.cpp.h; path = DrawingElement.hpp; sourceTree = "<group>"; };
		A29CB25C1DCFF8FD004462C6 /* Edge.cpp */ = {isa = PBXFileReference; lastKnownFileType = sourcecode.cpp.cpp; path = Edge.cpp; sourceTree = "<group>"; };
		A29CB25D1DCFF8FD004462C6 /* Edge.hpp */ = {isa = PBXFileReference; lastKnownFileType = sourcecode.cpp.h; path = Edge.hpp; sourceTree = "<group>"; };
		A29CB25E1DCFF8FD004462C6 /* Entities.cpp */ = {isa = PBXFileReference; lastKnownFileType = sourcecode.cpp.cpp; path = Entities.cpp; sourceTree = "<group>"; };
		A29CB25F1DCFF8FD004462C6 /* Entities.hpp */ = {isa = PBXFileReference; lastKnownFileType = sourcecode.cpp.h; path = Entities.hpp; sourceTree = "<group>"; };
		A29CB2601DCFF8FD004462C6 /* Entity.cpp */ = {isa = PBXFileReference; lastKnownFileType = sourcecode.cpp.cpp; path = Entity.cpp; sourceTree = "<group>"; };
		A29CB2611DCFF8FD004462C6 /* Entity.hpp */ = {isa = PBXFileReference; lastKnownFileType = sourcecode.cpp.h; path = Entity.hpp; sourceTree = "<group>"; };
		A29CB2621DCFF8FD004462C6 /* Face.cpp */ = {isa = PBXFileReference; lastKnownFileType = sourcecode.cpp.cpp; path = Face.cpp; sourceTree = "<group>"; };
		A29CB2631DCFF8FD004462C6 /* Face.hpp */ = {isa = PBXFileReference; lastKnownFileType = sourcecode.cpp.h; path = Face.hpp; sourceTree = "<group>"; };
		A29CB2641DCFF8FD004462C6 /* GeometryInput.cpp */ = {isa = PBXFileReference; lastKnownFileType = sourcecode.cpp.cpp; path = GeometryInput.cpp; sourceTree = "<group>"; };
		A29CB2651DCFF8FD004462C6 /* GeometryInput.hpp */ = {isa = PBXFileReference; lastKnownFileType = sourcecode.cpp.h; path = GeometryInput.hpp; sourceTree = "<group>"; };
		A29CB2661DCFF8FD004462C6 /* Group.cpp */ = {isa = PBXFileReference; lastKnownFileType = sourcecode.cpp.cpp; path = Group.cpp; sourceTree = "<group>"; };
		A29CB2671DCFF8FD004462C6 /* Group.hpp */ = {isa = PBXFileReference; lastKnownFileType = sourcecode.cpp.h; path = Group.hpp; sourceTree = "<group>"; };
		A29CB2681DCFF8FD004462C6 /* Layer.cpp */ = {isa = PBXFileReference; lastKnownFileType = sourcecode.cpp.cpp; path = Layer.cpp; sourceTree = "<group>"; };
		A29CB2691DCFF8FD004462C6 /* Layer.hpp */ = {isa = PBXFileReference; lastKnownFileType = sourcecode.cpp.h; path = Layer.hpp; sourceTree = "<group>"; };
		A29CB26A1DCFF8FD004462C6 /* Loop.cpp */ = {isa = PBXFileReference; lastKnownFileType = sourcecode.cpp.cpp; path = Loop.cpp; sourceTree = "<group>"; };
		A29CB26B1DCFF8FD004462C6 /* Loop.hpp */ = {isa = PBXFileReference; lastKnownFileType = sourcecode.cpp.h; path = Loop.hpp; sourceTree = "<group>"; };
		A29CB26C1DCFF8FD004462C6 /* LoopInput.cpp */ = {isa = PBXFileReference; lastKnownFileType = sourcecode.cpp.cpp; path = LoopInput.cpp; sourceTree = "<group>"; };
		A29CB26D1DCFF8FD004462C6 /* LoopInput.hpp */ = {isa = PBXFileReference; lastKnownFileType = sourcecode.cpp.h; path = LoopInput.hpp; sourceTree = "<group>"; };
		A29CB26E1DCFF8FD004462C6 /* Material.cpp */ = {isa = PBXFileReference; lastKnownFileType = sourcecode.cpp.cpp; path = Material.cpp; sourceTree = "<group>"; };
		A29CB26F1DCFF8FD004462C6 /* Material.hpp */ = {isa = PBXFileReference; lastKnownFileType = sourcecode.cpp.h; path = Material.hpp; sourceTree = "<group>"; };
		A29CB2701DCFF8FD004462C6 /* MaterialInput.cpp */ = {isa = PBXFileReference; lastKnownFileType = sourcecode.cpp.cpp; path = MaterialInput.cpp; sourceTree = "<group>"; };
		A29CB2711DCFF8FD004462C6 /* MaterialInput.hpp */ = {isa = PBXFileReference; lastKnownFileType = sourcecode.cpp.h; path = MaterialInput.hpp; sourceTree = "<group>"; };
		A29CB2721DCFF8FD004462C6 /* Model.cpp */ = {isa = PBXFileReference; lastKnownFileType = sourcecode.cpp.cpp; path = Model.cpp; sourceTree = "<group>"; };
		A29CB2731DCFF8FD004462C6 /* Model.hpp */ = {isa = PBXFileReference; lastKnownFileType = sourcecode.cpp.h; path = Model.hpp; sourceTree = "<group>"; };
		A29CB2741DCFF8FD004462C6 /* TextureWriter.cpp */ = {isa = PBXFileReference; lastKnownFileType = sourcecode.cpp.cpp; path = TextureWriter.cpp; sourceTree = "<group>"; };
		A29CB2751DCFF8FD004462C6 /* TextureWriter.hpp */ = {isa = PBXFileReference; lastKnownFileType = sourcecode.cpp.h; path = TextureWriter.hpp; sourceTree = "<group>"; };
		A29CB2761DCFF8FD004462C6 /* TypedValue.cpp */ = {isa = PBXFileReference; lastKnownFileType = sourcecode.cpp.cpp; path = TypedValue.cpp; sourceTree = "<group>"; };
		A29CB2771DCFF8FD004462C6 /* TypedValue.hpp */ = {isa = PBXFileReference; lastKnownFileType = sourcecode.cpp.h; path = TypedValue.hpp; sourceTree = "<group>"; };
		A29CB2781DCFF8FD004462C6 /* UVHelper.cpp */ = {isa = PBXFileReference; lastKnownFileType = sourcecode.cpp.cpp; path = UVHelper.cpp; sourceTree = "<group>"; };
		A29CB2791DCFF8FD004462C6 /* UVHelper.hpp */ = {isa = PBXFileReference; lastKnownFileType = sourcecode.cpp.h; path = UVHelper.hpp; sourceTree = "<group>"; };
		A29CB27A1DCFF8FD004462C6 /* Vertex.cpp */ = {isa = PBXFileReference; lastKnownFileType = sourcecode.cpp.cpp; path = Vertex.cpp; sourceTree = "<group>"; };
		A29CB27B1DCFF8FD004462C6 /* Vertex.hpp */ = {isa = PBXFileReference; lastKnownFileType = sourcecode.cpp.h; path = Vertex.hpp; sourceTree = "<group>"; };
		A29CB27C1DCFF8FD004462C6 /* String.cpp */ = {isa = PBXFileReference; lastKnownFileType = sourcecode.cpp.cpp; path = String.cpp; sourceTree = "<group>"; };
		A29CB27D1DCFF8FD004462C6 /* String.hpp */ = {isa = PBXFileReference; lastKnownFileType = sourcecode.cpp.h; path = String.hpp; sourceTree = "<group>"; };
		A29CB27E1DCFF8FD004462C6 /* Transformation.cpp */ = {isa = PBXFileReference; lastKnownFileType = sourcecode.cpp.cpp; path = Transformation.cpp; sourceTree = "<group>"; };
		A29CB27F1DCFF8FD004462C6 /* Transformation.hpp */ = {isa = PBXFileReference; lastKnownFileType = sourcecode.cpp.h; path = Transformation.hpp; sourceTree = "<group>"; };
		A29CB2801DCFF90A004462C6 /* README.md */ = {isa = PBXFileReference; lastKnownFileType = net.daringfireball.markdown; path = README.md; sourceTree = "<group>"; };
		A2BB137E1DDF1681005714E1 /* libSketchup-C-API-Wrapper.dylib */ = {isa = PBXFileReference; explicitFileType = "compiled.mach-o.dylib"; includeInIndex = 0; path = "libSketchup-C-API-Wrapper.dylib"; sourceTree = BUILT_PRODUCTS_DIR; };
		A2BB13A31DDF186A005714E1 /* SketchUpAPI.framework */ = {isa = PBXFileReference; lastKnownFileType = wrapper.framework; path = SketchUpAPI.framework; sourceTree = "<group>"; };
/* End PBXFileReference section */

/* Begin PBXFrameworksBuildPhase section */
		A2BB137B1DDF1681005714E1 /* Frameworks */ = {
			isa = PBXFrameworksBuildPhase;
			buildActionMask = 2147483647;
			files = (
				A2BB13A41DDF186A005714E1 /* SketchUpAPI.framework in Frameworks */,
			);
			runOnlyForDeploymentPostprocessing = 0;
		};
/* End PBXFrameworksBuildPhase section */

/* Begin PBXGroup section */
		A26449251DCFEA71007F7CF4 = {
			isa = PBXGroup;
			children = (
				A2BB13A31DDF186A005714E1 /* SketchUpAPI.framework */,
				A29CB2801DCFF90A004462C6 /* README.md */,
				A26449301DCFEA71007F7CF4 /* src */,
				A2BB137E1DDF1681005714E1 /* libSketchup-C-API-Wrapper.dylib */,
			);
			sourceTree = "<group>";
		};
		A26449301DCFEA71007F7CF4 /* src */ = {
			isa = PBXGroup;
			children = (
				A29CB24B1DCFF8FD004462C6 /* Color.cpp */,
				A29CB24C1DCFF8FD004462C6 /* Color.hpp */,
				A29CB24D1DCFF8FD004462C6 /* Geometry.cpp */,
				A29CB24E1DCFF8FD004462C6 /* Geometry.hpp */,
				A29CB24F1DCFF8FD004462C6 /* model */,
				A29CB27C1DCFF8FD004462C6 /* String.cpp */,
				A29CB27D1DCFF8FD004462C6 /* String.hpp */,
				A29CB27E1DCFF8FD004462C6 /* Transformation.cpp */,
				A29CB27F1DCFF8FD004462C6 /* Transformation.hpp */,
			);
			name = src;
			path = "SketchUp API C++ Wrapper";
			sourceTree = "<group>";
		};
		A29CB24F1DCFF8FD004462C6 /* model */ = {
			isa = PBXGroup;
			children = (
				A29CB2501DCFF8FD004462C6 /* AttributeDictionary.cpp */,
				A29CB2511DCFF8FD004462C6 /* AttributeDictionary.hpp */,
				A29CB2521DCFF8FD004462C6 /* Axes.cpp */,
				A29CB2531DCFF8FD004462C6 /* Axes.hpp */,
				A29CB2541DCFF8FD004462C6 /* ComponentDefinition.cpp */,
				A29CB2551DCFF8FD004462C6 /* ComponentDefinition.hpp */,
				A29CB2561DCFF8FD004462C6 /* ComponentInstance.cpp */,
				A29CB2571DCFF8FD004462C6 /* ComponentInstance.hpp */,
				A29CB2581DCFF8FD004462C6 /* Curve.cpp */,
				A29CB2591DCFF8FD004462C6 /* Curve.hpp */,
				A29CB25A1DCFF8FD004462C6 /* DrawingElement.cpp */,
				A29CB25B1DCFF8FD004462C6 /* DrawingElement.hpp */,
				A29CB25C1DCFF8FD004462C6 /* Edge.cpp */,
				A29CB25D1DCFF8FD004462C6 /* Edge.hpp */,
				A29CB25E1DCFF8FD004462C6 /* Entities.cpp */,
				A29CB25F1DCFF8FD004462C6 /* Entities.hpp */,
				A29CB2601DCFF8FD004462C6 /* Entity.cpp */,
				A29CB2611DCFF8FD004462C6 /* Entity.hpp */,
				A29CB2621DCFF8FD004462C6 /* Face.cpp */,
				A29CB2631DCFF8FD004462C6 /* Face.hpp */,
				A29CB2641DCFF8FD004462C6 /* GeometryInput.cpp */,
				A29CB2651DCFF8FD004462C6 /* GeometryInput.hpp */,
				A29CB2661DCFF8FD004462C6 /* Group.cpp */,
				A29CB2671DCFF8FD004462C6 /* Group.hpp */,
				A29CB2681DCFF8FD004462C6 /* Layer.cpp */,
				A29CB2691DCFF8FD004462C6 /* Layer.hpp */,
				A29CB26A1DCFF8FD004462C6 /* Loop.cpp */,
				A29CB26B1DCFF8FD004462C6 /* Loop.hpp */,
				A29CB26C1DCFF8FD004462C6 /* LoopInput.cpp */,
				A29CB26D1DCFF8FD004462C6 /* LoopInput.hpp */,
				A29CB26E1DCFF8FD004462C6 /* Material.cpp */,
				A29CB26F1DCFF8FD004462C6 /* Material.hpp */,
				A29CB2701DCFF8FD004462C6 /* MaterialInput.cpp */,
				A29CB2711DCFF8FD004462C6 /* MaterialInput.hpp */,
				A29CB2721DCFF8FD004462C6 /* Model.cpp */,
				A29CB2731DCFF8FD004462C6 /* Model.hpp */,
				A29CB2741DCFF8FD004462C6 /* TextureWriter.cpp */,
				A29CB2751DCFF8FD004462C6 /* TextureWriter.hpp */,
				A29CB2761DCFF8FD004462C6 /* TypedValue.cpp */,
				A29CB2771DCFF8FD004462C6 /* TypedValue.hpp */,
				A29CB2781DCFF8FD004462C6 /* UVHelper.cpp */,
				A29CB2791DCFF8FD004462C6 /* UVHelper.hpp */,
				A29CB27A1DCFF8FD004462C6 /* Vertex.cpp */,
				A29CB27B1DCFF8FD004462C6 /* Vertex.hpp */,
			);
			path = model;
			sourceTree = "<group>";
		};
/* End PBXGroup section */

/* Begin PBXHeadersBuildPhase section */
		A2BB137C1DDF1681005714E1 /* Headers */ = {
			isa = PBXHeadersBuildPhase;
			buildActionMask = 2147483647;
			files = (
			);
			runOnlyForDeploymentPostprocessing = 0;
		};
/* End PBXHeadersBuildPhase section */

/* Begin PBXNativeTarget section */
		A2BB137D1DDF1681005714E1 /* Sketchup-C-API-Wrapper */ = {
			isa = PBXNativeTarget;
			buildConfigurationList = A2BB13811DDF1681005714E1 /* Build configuration list for PBXNativeTarget "Sketchup-C-API-Wrapper" */;
			buildPhases = (
				A2BB137A1DDF1681005714E1 /* Sources */,
				A2BB137B1DDF1681005714E1 /* Frameworks */,
				A2BB137C1DDF1681005714E1 /* Headers */,
			);
			buildRules = (
			);
			dependencies = (
			);
			name = "Sketchup-C-API-Wrapper";
			productName = "Sketchup-C-API-Wrapper";
			productReference = A2BB137E1DDF1681005714E1 /* libSketchup-C-API-Wrapper.dylib */;
			productType = "com.apple.product-type.library.dynamic";
		};
/* End PBXNativeTarget section */

/* Begin PBXProject section */
		A26449261DCFEA71007F7CF4 /* Project object */ = {
			isa = PBXProject;
			attributes = {
				LastUpgradeCheck = 0720;
				ORGANIZATIONNAME = TommyKaneko;
				TargetAttributes = {
					A2BB137D1DDF1681005714E1 = {
						CreatedOnToolsVersion = 7.2.1;
					};
				};
			};
			buildConfigurationList = A26449291DCFEA71007F7CF4 /* Build configuration list for PBXProject "SketchUp API C++ Wrapper" */;
			compatibilityVersion = "Xcode 3.2";
			developmentRegion = English;
			hasScannedForEncodings = 0;
			knownRegions = (
				en,
			);
			mainGroup = A26449251DCFEA71007F7CF4;
			productRefGroup = A26449251DCFEA71007F7CF4;
			projectDirPath = "";
			projectRoot = "";
			targets = (
				A2BB137D1DDF1681005714E1 /* Sketchup-C-API-Wrapper */,
			);
		};
/* End PBXProject section */

/* Begin PBXSourcesBuildPhase section */
		A2BB137A1DDF1681005714E1 /* Sources */ = {
			isa = PBXSourcesBuildPhase;
			buildActionMask = 2147483647;
			files = (
				A2BB13821DDF16DE005714E1 /* Color.cpp in Sources */,
				A2BB13831DDF16DE005714E1 /* Geometry.cpp in Sources */,
				A2BB13841DDF16DE005714E1 /* AttributeDictionary.cpp in Sources */,
				A2BB13851DDF16DE005714E1 /* Axes.cpp in Sources */,
				A2BB13861DDF16DE005714E1 /* ComponentDefinition.cpp in Sources */,
				A2BB13871DDF16DE005714E1 /* ComponentInstance.cpp in Sources */,
				A2BB13881DDF16DE005714E1 /* Curve.cpp in Sources */,
				A2BB13891DDF16DE005714E1 /* DrawingElement.cpp in Sources */,
				A2BB138A1DDF16DE005714E1 /* Edge.cpp in Sources */,
				A2BB138B1DDF16DE005714E1 /* Entities.cpp in Sources */,
				A2BB138C1DDF16DE005714E1 /* Entity.cpp in Sources */,
				A2BB138D1DDF16DE005714E1 /* Face.cpp in Sources */,
				A2BB138E1DDF16DE005714E1 /* GeometryInput.cpp in Sources */,
				A2BB138F1DDF16DE005714E1 /* Group.cpp in Sources */,
				A2BB13901DDF16DE005714E1 /* Layer.cpp in Sources */,
				A2BB13911DDF16DE005714E1 /* Loop.cpp in Sources */,
				A2BB13921DDF16DE005714E1 /* LoopInput.cpp in Sources */,
				A2BB13931DDF16DE005714E1 /* Material.cpp in Sources */,
				A2BB13941DDF16DE005714E1 /* MaterialInput.cpp in Sources */,
				A2BB13951DDF16DE005714E1 /* Model.cpp in Sources */,
				A2BB13961DDF16DE005714E1 /* TextureWriter.cpp in Sources */,
				A2BB13971DDF16DE005714E1 /* TypedValue.cpp in Sources */,
				A2BB13981DDF16DE005714E1 /* UVHelper.cpp in Sources */,
				A2BB13991DDF16DE005714E1 /* Vertex.cpp in Sources */,
				A2BB139A1DDF16DE005714E1 /* String.cpp in Sources */,
				A2BB139B1DDF16DE005714E1 /* Transformation.cpp in Sources */,
			);
			runOnlyForDeploymentPostprocessing = 0;
		};
/* End PBXSourcesBuildPhase section */

/* Begin XCBuildConfiguration section */
		A26449331DCFEA71007F7CF4 /* Debug */ = {
			isa = XCBuildConfiguration;
			buildSettings = {
				ALWAYS_SEARCH_USER_PATHS = NO;
				CLANG_CXX_LANGUAGE_STANDARD = "gnu++0x";
				CLANG_CXX_LIBRARY = "libc++";
				CLANG_ENABLE_MODULES = YES;
				CLANG_ENABLE_OBJC_ARC = YES;
				CLANG_WARN_BOOL_CONVERSION = YES;
				CLANG_WARN_CONSTANT_CONVERSION = YES;
				CLANG_WARN_DIRECT_OBJC_ISA_USAGE = YES_ERROR;
				CLANG_WARN_EMPTY_BODY = YES;
				CLANG_WARN_ENUM_CONVERSION = YES;
				CLANG_WARN_INT_CONVERSION = YES;
				CLANG_WARN_OBJC_ROOT_CLASS = YES_ERROR;
				CLANG_WARN_UNREACHABLE_CODE = YES;
				CLANG_WARN__DUPLICATE_METHOD_MATCH = YES;
				CODE_SIGN_IDENTITY = "-";
				COPY_PHASE_STRIP = NO;
				DEBUG_INFORMATION_FORMAT = dwarf;
				ENABLE_STRICT_OBJC_MSGSEND = YES;
				ENABLE_TESTABILITY = YES;
				GCC_C_LANGUAGE_STANDARD = gnu99;
				GCC_DYNAMIC_NO_PIC = NO;
				GCC_NO_COMMON_BLOCKS = YES;
				GCC_OPTIMIZATION_LEVEL = 0;
				GCC_PREPROCESSOR_DEFINITIONS = (
					"DEBUG=1",
					"$(inherited)",
				);
				GCC_WARN_64_TO_32_BIT_CONVERSION = YES;
				GCC_WARN_ABOUT_RETURN_TYPE = YES_ERROR;
				GCC_WARN_UNDECLARED_SELECTOR = YES;
				GCC_WARN_UNINITIALIZED_AUTOS = YES_AGGRESSIVE;
				GCC_WARN_UNUSED_FUNCTION = YES;
				GCC_WARN_UNUSED_VARIABLE = YES;
				MACOSX_DEPLOYMENT_TARGET = 10.10;
				MTL_ENABLE_DEBUG_INFO = YES;
				ONLY_ACTIVE_ARCH = YES;
				SDKROOT = macosx;
			};
			name = Debug;
		};
		A26449341DCFEA71007F7CF4 /* Release */ = {
			isa = XCBuildConfiguration;
			buildSettings = {
				ALWAYS_SEARCH_USER_PATHS = NO;
				CLANG_CXX_LANGUAGE_STANDARD = "gnu++0x";
				CLANG_CXX_LIBRARY = "libc++";
				CLANG_ENABLE_MODULES = YES;
				CLANG_ENABLE_OBJC_ARC = YES;
				CLANG_WARN_BOOL_CONVERSION = YES;
				CLANG_WARN_CONSTANT_CONVERSION = YES;
				CLANG_WARN_DIRECT_OBJC_ISA_USAGE = YES_ERROR;
				CLANG_WARN_EMPTY_BODY = YES;
				CLANG_WARN_ENUM_CONVERSION = YES;
				CLANG_WARN_INT_CONVERSION = YES;
				CLANG_WARN_OBJC_ROOT_CLASS = YES_ERROR;
				CLANG_WARN_UNREACHABLE_CODE = YES;
				CLANG_WARN__DUPLICATE_METHOD_MATCH = YES;
				CODE_SIGN_IDENTITY = "-";
				COPY_PHASE_STRIP = NO;
				DEBUG_INFORMATION_FORMAT = "dwarf-with-dsym";
				ENABLE_NS_ASSERTIONS = NO;
				ENABLE_STRICT_OBJC_MSGSEND = YES;
				GCC_C_LANGUAGE_STANDARD = gnu99;
				GCC_NO_COMMON_BLOCKS = YES;
				GCC_WARN_64_TO_32_BIT_CONVERSION = YES;
				GCC_WARN_ABOUT_RETURN_TYPE = YES_ERROR;
				GCC_WARN_UNDECLARED_SELECTOR = YES;
				GCC_WARN_UNINITIALIZED_AUTOS = YES_AGGRESSIVE;
				GCC_WARN_UNUSED_FUNCTION = YES;
				GCC_WARN_UNUSED_VARIABLE = YES;
				MACOSX_DEPLOYMENT_TARGET = 10.10;
				MTL_ENABLE_DEBUG_INFO = NO;
				SDKROOT = macosx;
			};
			name = Release;
		};
		A2BB137F1DDF1681005714E1 /* Debug */ = {
			isa = XCBuildConfiguration;
			buildSettings = {
				DYLIB_COMPATIBILITY_VERSION = 1;
				DYLIB_CURRENT_VERSION = 1;
				EXECUTABLE_PREFIX = lib;
				FRAMEWORK_SEARCH_PATHS = (
					"$(inherited)",
					"$(PROJECT_DIR)",
				);
				PRODUCT_NAME = "$(TARGET_NAME)";
			};
			name = Debug;
		};
		A2BB13801DDF1681005714E1 /* Release */ = {
			isa = XCBuildConfiguration;
			buildSettings = {
				DYLIB_COMPATIBILITY_VERSION = 1;
				DYLIB_CURRENT_VERSION = 1;
				EXECUTABLE_PREFIX = lib;
				FRAMEWORK_SEARCH_PATHS = (
					"$(inherited)",
					"$(PROJECT_DIR)",
				);
				PRODUCT_NAME = "$(TARGET_NAME)";
			};
			name = Release;
		};
/* End XCBuildConfiguration section */

/* Begin XCConfigurationList section */
		A26449291DCFEA71007F7CF4 /* Build configuration list for PBXProject "SketchUp API C++ Wrapper" */ = {
			isa = XCConfigurationList;
			buildConfigurations = (
				A26449331DCFEA71007F7CF4 /* Debug */,
				A26449341DCFEA71007F7CF4 /* Release */,
			);
			defaultConfigurationIsVisible = 0;
			defaultConfigurationName = Release;
		};
		A2BB13811DDF1681005714E1 /* Build configuration list for PBXNativeTarget "Sketchup-C-API-Wrapper" */ = {
			isa = XCConfigurationList;
			buildConfigurations = (
				A2BB137F1DDF1681005714E1 /* Debug */,
				A2BB13801DDF1681005714E1 /* Release */,
			);
			defaultConfigurationIsVisible = 0;
		};
/* End XCConfigurationList section */
	};
	rootObject = A26449261DCFEA71007F7CF4 /* Project object */;
}
