
Microsoft Visual Studio Solution File, Format Version 12.00
# Visual Studio 15
VisualStudioVersion = 15.0.27130.2036
MinimumVisualStudioVersion = 10.0.40219.1
Project("{8BC9CEB8-8B4A-11D0-8D11-00A0C91BC942}") = "SketchUpAPI", "SketchUpAPI\SketchUpAPI.vcxproj", "{D733F133-DA17-4B7F-AE7F-91238A35D7B3}"
EndProject
Project("{8BC9CEB8-8B4A-11D0-8D11-00A0C91BC942}") = "SketchUpAPITests", "SketchUpAPITests\SketchUpAPITests.vcxproj", "{F0BC504A-DF94-4544-80C7-CEE50A94463B}"
EndProject
Project("{8BC9CEB8-8B4A-11D0-8D11-00A0C91BC942}") = "GoogleTest", "GoogleTest\GoogleTest.vcxproj", "{71A9F350-95C3-452A-8649-5F5A49E0F6EC}"
EndProject
Global
	GlobalSection(SolutionConfigurationPlatforms) = preSolution
		Debug|x64 = Debug|x64
		Debug|x86 = Debug|x86
		Release|x64 = Release|x64
		Release|x86 = Release|x86
	EndGlobalSection
	GlobalSection(ProjectConfigurationPlatforms) = postSolution
		{D733F133-DA17-4B7F-AE7F-91238A35D7B3}.Debug|x64.ActiveCfg = Debug|x64
		{D733F133-DA17-4B7F-AE7F-91238A35D7B3}.Debug|x64.Build.0 = Debug|x64
		{D733F133-DA17-4B7F-AE7F-91238A35D7B3}.Debug|x86.ActiveCfg = Debug|Win32
		{D733F133-DA17-4B7F-AE7F-91238A35D7B3}.Debug|x86.Build.0 = Debug|Win32
		{D733F133-DA17-4B7F-AE7F-91238A35D7B3}.Release|x64.ActiveCfg = Release|x64
		{D733F133-DA17-4B7F-AE7F-91238A35D7B3}.Release|x64.Build.0 = Release|x64
		{D733F133-DA17-4B7F-AE7F-91238A35D7B3}.Release|x86.ActiveCfg = Release|Win32
		{D733F133-DA17-4B7F-AE7F-91238A35D7B3}.Release|x86.Build.0 = Release|Win32
		{F0BC504A-DF94-4544-80C7-CEE50A94463B}.Debug|x64.ActiveCfg = Debug|x64
		{F0BC504A-DF94-4544-80C7-CEE50A94463B}.Debug|x64.Build.0 = Debug|x64
		{F0BC504A-DF94-4544-80C7-CEE50A94463B}.Debug|x86.ActiveCfg = Debug|Win32
		{F0BC504A-DF94-4544-80C7-CEE50A94463B}.Debug|x86.Build.0 = Debug|Win32
		{F0BC504A-DF94-4544-80C7-CEE50A94463B}.Release|x64.ActiveCfg = Release|x64
		{F0BC504A-DF94-4544-80C7-CEE50A94463B}.Release|x64.Build.0 = Release|x64
		{F0BC504A-DF94-4544-80C7-CEE50A94463B}.Release|x86.ActiveCfg = Release|Win32
		{F0BC504A-DF94-4544-80C7-CEE50A94463B}.Release|x86.Build.0 = Release|Win32
		{71A9F350-95C3-452A-8649-5F5A49E0F6EC}.Debug|x64.ActiveCfg = Debug|x64
		{71A9F350-95C3-452A-8649-5F5A49E0F6EC}.Debug|x64.Build.0 = Debug|x64
		{71A9F350-95C3-452A-8649-5F5A49E0F6EC}.Debug|x86.ActiveCfg = Debug|Win32
		{71A9F350-95C3-452A-8649-5F5A49E0F6EC}.Debug|x86.Build.0 = Debug|Win32
		{71A9F350-95C3-452A-8649-5F5A49E0F6EC}.Release|x64.ActiveCfg = Release|x64
		{71A9F350-95C3-452A-8649-5F5A49E0F6EC}.Release|x64.Build.0 = Release|x64
		{71A9F350-95C3-452A-8649-5F5A49E0F6EC}.Release|x86.ActiveCfg = Release|Win32
		{71A9F350-95C3-452A-8649-5F5A49E0F6EC}.Release|x86.Build.0 = Release|Win32
	EndGlobalSection
	GlobalSection(SolutionProperties) = preSolution
		HideSolutionNode = FALSE
	EndGlobalSection
	GlobalSection(ExtensibilityGlobals) = postSolution
		SolutionGuid = {F07E07C1-E690-4C67-8C57-8B7B088D5919}
	EndGlobalSection
EndGlobal
